
Microsoft Visual Studio Solution File, Format Version 12.00
# Visual Studio Version 17
VisualStudioVersion = 17.11.35312.102
MinimumVisualStudioVersion = 10.0.40219.1
Project("{9A19103F-16F7-4668-BE54-9A1E7A4F7556}") = "Blarney.UI", "Blarney.UI\Blarney.UI.csproj", "{03F16FF2-03E4-47D5-A3C2-A472C45DCB62}"
EndProject
Global
	GlobalSection(SolutionConfigurationPlatforms) = preSolution
		Debug|Any CPU = Debug|Any CPU
		Release|Any CPU = Release|Any CPU
	EndGlobalSection
	GlobalSection(ProjectConfigurationPlatforms) = postSolution
		{03F16FF2-03E4-47D5-A3C2-A472C45DCB62}.Debug|Any CPU.ActiveCfg = Debug|Any CPU
		{03F16FF2-03E4-47D5-A3C2-A472C45DCB62}.Debug|Any CPU.Build.0 = Debug|Any CPU
		{03F16FF2-03E4-47D5-A3C2-A472C45DCB62}.Release|Any CPU.ActiveCfg = Release|Any CPU
		{03F16FF2-03E4-47D5-A3C2-A472C45DCB62}.Release|Any CPU.Build.0 = Release|Any CPU
	EndGlobalSection
	GlobalSection(SolutionProperties) = preSolution
		HideSolutionNode = FALSE
	EndGlobalSection
	GlobalSection(ExtensibilityGlobals) = postSolution
		SolutionGuid = {D51CEF91-ED9D-4976-BE6B-CECFADE06356}
	EndGlobalSection
EndGlobal
